
Microsoft Visual Studio Solution File, Format Version 12.00
# Visual Studio Version 16
VisualStudioVersion = 16.0.30517.126
MinimumVisualStudioVersion = 10.0.40219.1
Project("{FAE04EC0-301F-11D3-BF4B-00C04F79EFBC}") = "Tablero.WebApi", "src\Tablero.WebApi\Tablero.WebApi.csproj", "{3D777FB1-F6BF-4326-AD3C-3F7977970114}"
EndProject
Global
	GlobalSection(SolutionConfigurationPlatforms) = preSolution
		Debug|Any CPU = Debug|Any CPU
		Release|Any CPU = Release|Any CPU
	EndGlobalSection
	GlobalSection(ProjectConfigurationPlatforms) = postSolution
		{3D777FB1-F6BF-4326-AD3C-3F7977970114}.Debug|Any CPU.ActiveCfg = Debug|Any CPU
		{3D777FB1-F6BF-4326-AD3C-3F7977970114}.Debug|Any CPU.Build.0 = Debug|Any CPU
		{3D777FB1-F6BF-4326-AD3C-3F7977970114}.Release|Any CPU.ActiveCfg = Release|Any CPU
		{3D777FB1-F6BF-4326-AD3C-3F7977970114}.Release|Any CPU.Build.0 = Release|Any CPU
	EndGlobalSection
	GlobalSection(SolutionProperties) = preSolution
		HideSolutionNode = FALSE
	EndGlobalSection
	GlobalSection(ExtensibilityGlobals) = postSolution
		SolutionGuid = {D4C16DFD-3BC3-4E1B-B439-313D1E44049C}
	EndGlobalSection
EndGlobal
